
Microsoft Visual Studio Solution File, Format Version 12.00
# Visual Studio Version 16
VisualStudioVersion = 16.0.29209.62
MinimumVisualStudioVersion = 10.0.40219.1
Project("{9A19103F-16F7-4668-BE54-9A1E7A4F7556}") = "Platform.Singletons", "csharp\Platform.Singletons\Platform.Singletons.csproj", "{9A9E3B4E-6A1D-4598-8177-7B1761689E6F}"
EndProject
Project("{FAE04EC0-301F-11D3-BF4B-00C04F79EFBC}") = "Platform.Singletons.Tests", "csharp\Platform.Singletons.Tests\Platform.Singletons.Tests.csproj", "{C69FB2C8-8A56-40AF-9395-3C038061EC2B}"
EndProject
Global
	GlobalSection(SolutionConfigurationPlatforms) = preSolution
		Debug|Any CPU = Debug|Any CPU
		Release|Any CPU = Release|Any CPU
	EndGlobalSection
	GlobalSection(ProjectConfigurationPlatforms) = postSolution
		{9A9E3B4E-6A1D-4598-8177-7B1761689E6F}.Debug|Any CPU.ActiveCfg = Debug|Any CPU
		{9A9E3B4E-6A1D-4598-8177-7B1761689E6F}.Debug|Any CPU.Build.0 = Debug|Any CPU
		{9A9E3B4E-6A1D-4598-8177-7B1761689E6F}.Release|Any CPU.ActiveCfg = Release|Any CPU
		{9A9E3B4E-6A1D-4598-8177-7B1761689E6F}.Release|Any CPU.Build.0 = Release|Any CPU
		{C69FB2C8-8A56-40AF-9395-3C038061EC2B}.Debug|Any CPU.ActiveCfg = Debug|Any CPU
		{C69FB2C8-8A56-40AF-9395-3C038061EC2B}.Debug|Any CPU.Build.0 = Debug|Any CPU
		{C69FB2C8-8A56-40AF-9395-3C038061EC2B}.Release|Any CPU.ActiveCfg = Release|Any CPU
		{C69FB2C8-8A56-40AF-9395-3C038061EC2B}.Release|Any CPU.Build.0 = Release|Any CPU
	EndGlobalSection
	GlobalSection(SolutionProperties) = preSolution
		HideSolutionNode = FALSE
	EndGlobalSection
	GlobalSection(ExtensibilityGlobals) = postSolution
		SolutionGuid = {B97C89D4-CDA8-4B9A-8661-EBA6BDEAD1DB}
	EndGlobalSection
EndGlobal
